
Microsoft Visual Studio Solution File, Format Version 12.00
# Visual Studio Version 17
VisualStudioVersion = 17.11.35327.3
MinimumVisualStudioVersion = 10.0.40219.1
Project("{FAE04EC0-301F-11D3-BF4B-00C04F79EFBC}") = "DotNetBath14MTZO.ConsoleApp", "DotNetBath14MTZO.ConsoleApp\DotNetBath14MTZO.ConsoleApp.csproj", "{BE3BED05-7D42-4EBF-A2B1-E1CDF104963A}"
EndProject
Global
	GlobalSection(SolutionConfigurationPlatforms) = preSolution
		Debug|Any CPU = Debug|Any CPU
		Release|Any CPU = Release|Any CPU
	EndGlobalSection
	GlobalSection(ProjectConfigurationPlatforms) = postSolution
		{BE3BED05-7D42-4EBF-A2B1-E1CDF104963A}.Debug|Any CPU.ActiveCfg = Debug|Any CPU
		{BE3BED05-7D42-4EBF-A2B1-E1CDF104963A}.Debug|Any CPU.Build.0 = Debug|Any CPU
		{BE3BED05-7D42-4EBF-A2B1-E1CDF104963A}.Release|Any CPU.ActiveCfg = Release|Any CPU
		{BE3BED05-7D42-4EBF-A2B1-E1CDF104963A}.Release|Any CPU.Build.0 = Release|Any CPU
	EndGlobalSection
	GlobalSection(SolutionProperties) = preSolution
		HideSolutionNode = FALSE
	EndGlobalSection
	GlobalSection(ExtensibilityGlobals) = postSolution
		SolutionGuid = {3F7E0675-BC85-461B-9450-64B773900586}
	EndGlobalSection
EndGlobal
